# generated by rye
# use `rye lock` or `rye sync` to update this lockfile
#
# last locked with the following flags:
#   pre: false
#   features: []
#   all-features: false
#   with-sources: false
#   generate-hashes: false
#   universal: false

-e file:.
aiofiles==24.1.0
    # via sanic
annotated-types==0.7.0
    # via pydantic
certifi==2024.8.30
    # via requests
    # via sentry-sdk
charset-normalizer==3.4.0
    # via requests
hs-config==0.1.3
    # via sanic-api
html5tagger==1.3.0
    # via sanic
    # via tracerite
httptools==0.6.4
    # via sanic
idna==3.10
    # via requests
loguru==0.7.2
    # via sanic-api
loki-logger-handler==0.1.4
    # via sanic-api
multidict==6.1.0
    # via sanic
orjson==3.10.11
    # via sanic-api
pydantic==2.10.6
    # via hs-config
    # via pydantic-settings
pydantic-core==2.27.2
    # via pydantic
pydantic-settings==2.6.1
    # via hs-config
python-dotenv==1.0.1
    # via pydantic-settings
pyyaml==6.0.2
    # via pydantic-settings
    # via sanic-ext
requests==2.32.3
    # via sanic-api
sanic==24.12.0
    # via sanic-api
sanic-ext==23.12.0
    # via sanic-api
sanic-routing==23.12.0
    # via sanic
sentry-sdk==2.18.0
    # via sanic-api
setuptools==75.5.0
    # via sanic
tomli==2.1.0
    # via pydantic-settings
tracerite==1.1.1
    # via sanic
typing-extensions==4.12.2
    # via multidict
    # via pydantic
    # via pydantic-core
    # via sanic
ujson==5.10.0
    # via sanic
    # via sanic-api
urllib3==2.2.3
    # via requests
    # via sentry-sdk
uvloop==0.21.0
    # via sanic
websockets==14.1
    # via sanic
